PODS:
  - AAReachability (0.1.0)
  - FBSnapshotTestCase (2.1.4):
    - FBSnapshotTestCase/SwiftSupport (= 2.1.4)
  - FBSnapshotTestCase/Core (2.1.4)
  - FBSnapshotTestCase/SwiftSupport (2.1.4):
    - FBSnapshotTestCase/Core
  - Kiwi (3.0.0)

DEPENDENCIES:
  - AAReachability (from `../`)
  - FBSnapshotTestCase
  - Kiwi

SPEC REPOS:
  trunk:
    - FBSnapshotTestCase
    - Kiwi

EXTERNAL SOURCES:
  AAReachability:
    :path: "../"

SPEC CHECKSUMS:
  AAReachability: 7c9ce9d3dfdf5fdba092a6f8d5bfaf463f94b0d2
  FBSnapshotTestCase: 094f9f314decbabe373b87cc339bea235a63e07a
  Kiwi: fbeafef0f00e4d8f7dcb3420a4930afe70af77f7

PODFILE CHECKSUM: 5fbe358a4b8ded273cc1e9b7b875af1833bfd388

COCOAPODS: 1.11.3
